
Microsoft Visual Studio Solution File, Format Version 12.00
# Visual Studio Version 17
VisualStudioVersion = 17.0.32126.317
MinimumVisualStudioVersion = 10.0.40219.1
Project("{FAE04EC0-301F-11D3-BF4B-00C04F79EFBC}") = "Framework", "JuiceShopTests\Framework.csproj", "{7C69F9C3-0976-470A-8DB6-E9C866887F8B}"
EndProject
Global
	GlobalSection(SolutionConfigurationPlatforms) = preSolution
		Debug|Any CPU = Debug|Any CPU
		Release|Any CPU = Release|Any CPU
	EndGlobalSection
	GlobalSection(ProjectConfigurationPlatforms) = postSolution
		{7C69F9C3-0976-470A-8DB6-E9C866887F8B}.Debug|Any CPU.ActiveCfg = Debug|Any CPU
		{7C69F9C3-0976-470A-8DB6-E9C866887F8B}.Debug|Any CPU.Build.0 = Debug|Any CPU
		{7C69F9C3-0976-470A-8DB6-E9C866887F8B}.Release|Any CPU.ActiveCfg = Release|Any CPU
		{7C69F9C3-0976-470A-8DB6-E9C866887F8B}.Release|Any CPU.Build.0 = Release|Any CPU
	EndGlobalSection
	GlobalSection(SolutionProperties) = preSolution
		HideSolutionNode = FALSE
	EndGlobalSection
	GlobalSection(ExtensibilityGlobals) = postSolution
		SolutionGuid = {AD99AF58-079F-41BE-8757-7AFA7706FD27}
	EndGlobalSection
EndGlobal
